
Microsoft Visual Studio Solution File, Format Version 12.00
# Visual Studio Version 17
VisualStudioVersion = 17.8.34511.84
MinimumVisualStudioVersion = 10.0.40219.1
Project("{FAE04EC0-301F-11D3-BF4B-00C04F79EFBC}") = "examen_web", "examen_web.csproj", "{E650922A-D98B-4D54-A239-D3B1BE700CC1}"
EndProject
Global
	GlobalSection(SolutionConfigurationPlatforms) = preSolution
		Debug|Any CPU = Debug|Any CPU
		Release|Any CPU = Release|Any CPU
	EndGlobalSection
	GlobalSection(ProjectConfigurationPlatforms) = postSolution
		{E650922A-D98B-4D54-A239-D3B1BE700CC1}.Debug|Any CPU.ActiveCfg = Debug|Any CPU
		{E650922A-D98B-4D54-A239-D3B1BE700CC1}.Debug|Any CPU.Build.0 = Debug|Any CPU
		{E650922A-D98B-4D54-A239-D3B1BE700CC1}.Release|Any CPU.ActiveCfg = Release|Any CPU
		{E650922A-D98B-4D54-A239-D3B1BE700CC1}.Release|Any CPU.Build.0 = Release|Any CPU
	EndGlobalSection
	GlobalSection(SolutionProperties) = preSolution
		HideSolutionNode = FALSE
	EndGlobalSection
	GlobalSection(ExtensibilityGlobals) = postSolution
		SolutionGuid = {EDAA6F5F-FC8C-4C8B-866E-DBB1E13CD36B}
	EndGlobalSection
EndGlobal
